# This file is autogenerated, do not edit; changes may be undone by the next 'dep ensure'.


[[projects]]
  branch = "master"
  name = "github.com/golang/protobuf"
  packages = ["proto"]
  revision = "1e59b77b52bf8e4b449a57e6f79f21226d571845"

[solve-meta]
  analyzer-name = "dep"
  analyzer-version = 1
  inputs-digest = "052080cacd8a2541c621eeb9edb3026974ee227773b8da8a8f6c34e5c008f7cb"
  solver-name = "gps-cdcl"
  solver-version = 1
